// !$*UTF8*$!
{
	archiveVersion = 1;
	classes = {
	};
	objectVersion = 46;
	objects = {

/* Begin PBXBuildFile section */
		3EA781B41719E4CA00D3A071 /* main.cpp in Sources */ = {isa = PBXBuildFile; fileRef = 3EA781B21719E4CA00D3A071 /* main.cpp */; };
		3EB456BE15C3A7D300563CFE /* dapsPractice.1 in CopyFiles */ = {isa = PBXBuildFile; fileRef = 3EB456BD15C3A7D300563CFE /* dapsPractice.1 */; };
/* End PBXBuildFile section */

/* Begin PBXCopyFilesBuildPhase section */
		3EB456B515C3A7D300563CFE /* CopyFiles */ = {
			isa = PBXCopyFilesBuildPhase;
			buildActionMask = 2147483647;
			dstPath = /usr/share/man/man1/;
			dstSubfolderSpec = 0;
			files = (
				3EB456BE15C3A7D300563CFE /* dapsPractice.1 in CopyFiles */,
			);
			runOnlyForDeploymentPostprocessing = 1;
		};
/* End PBXCopyFilesBuildPhase section */

/* Begin PBXFileReference section */
		3E273E7315E81D2A00C72C76 /* myclass.cpp */ = {isa = PBXFileReference; fileEncoding = 4; lastKnownFileType = sourcecode.cpp.cpp; path = myclass.cpp; sourceTree = "<group>"; };
		3E273E7415E81D2A00C72C76 /* myclass.h */ = {isa = PBXFileReference; fileEncoding = 4; lastKnownFileType = sourcecode.c.h; path = myclass.h; sourceTree = "<group>"; };
		3E4EE56715ED709D003CB114 /* main_c++11.cpp */ = {isa = PBXFileReference; fileEncoding = 4; lastKnownFileType = sourcecode.cpp.cpp; path = "main_c++11.cpp"; sourceTree = "<group>"; };
		3E4EE56915ED70A6003CB114 /* test_main.cpp */ = {isa = PBXFileReference; fileEncoding = 4; lastKnownFileType = sourcecode.cpp.cpp; path = test_main.cpp; sourceTree = "<group>"; };
		3E7A151515E60166005F2985 /* dummy.hpp */ = {isa = PBXFileReference; fileEncoding = 4; lastKnownFileType = sourcecode.cpp.h; path = dummy.hpp; sourceTree = "<group>"; };
		3EA781B21719E4CA00D3A071 /* main.cpp */ = {isa = PBXFileReference; fileEncoding = 4; lastKnownFileType = sourcecode.cpp.cpp; path = main.cpp; sourceTree = "<group>"; };
		3EB456B715C3A7D300563CFE /* dapsPractice */ = {isa = PBXFileReference; explicitFileType = "compiled.mach-o.executable"; includeInIndex = 0; path = dapsPractice; sourceTree = BUILT_PRODUCTS_DIR; };
		3EB456BD15C3A7D300563CFE /* dapsPractice.1 */ = {isa = PBXFileReference; lastKnownFileType = text.man; path = dapsPractice.1; sourceTree = "<group>"; };
		3EDE781E15C8E873002C9D81 /* AList.hpp */ = {isa = PBXFileReference; fileEncoding = 4; lastKnownFileType = sourcecode.cpp.h; path = AList.hpp; sourceTree = "<group>"; };
		3EDE781F15C8E873002C9D81 /* ALList.hpp */ = {isa = PBXFileReference; fileEncoding = 4; lastKnownFileType = sourcecode.cpp.h; path = ALList.hpp; sourceTree = "<group>"; };
		3EDE782015C8E873002C9D81 /* BinaryTreeA.hpp */ = {isa = PBXFileReference; fileEncoding = 4; lastKnownFileType = sourcecode.cpp.h; path = BinaryTreeA.hpp; sourceTree = "<group>"; };
		3EDE782115C8E873002C9D81 /* BinaryTreeL.hpp */ = {isa = PBXFileReference; fileEncoding = 4; lastKnownFileType = sourcecode.cpp.h; path = BinaryTreeL.hpp; sourceTree = "<group>"; };
		3EDE782215C8E873002C9D81 /* CAQueue.hpp */ = {isa = PBXFileReference; fileEncoding = 4; lastKnownFileType = sourcecode.cpp.h; path = CAQueue.hpp; sourceTree = "<group>"; };
		3EDE782315C8E873002C9D81 /* CDLList.hpp */ = {isa = PBXFileReference; fileEncoding = 4; lastKnownFileType = sourcecode.cpp.h; path = CDLList.hpp; sourceTree = "<group>"; };
		3EDE782415C8E873002C9D81 /* Graph.hpp */ = {isa = PBXFileReference; fileEncoding = 4; lastKnownFileType = sourcecode.cpp.h; path = Graph.hpp; sourceTree = "<group>"; };
		3EDE782515C8E873002C9D81 /* Heap.hpp */ = {isa = PBXFileReference; fileEncoding = 4; lastKnownFileType = sourcecode.cpp.h; path = Heap.hpp; sourceTree = "<group>"; };
		3EDE782615C8E873002C9D81 /* HeapSort.hpp */ = {isa = PBXFileReference; fileEncoding = 4; lastKnownFileType = sourcecode.cpp.h; path = HeapSort.hpp; sourceTree = "<group>"; };
		3EDE782715C8E873002C9D81 /* List.hpp */ = {isa = PBXFileReference; fileEncoding = 4; lastKnownFileType = sourcecode.cpp.h; path = List.hpp; sourceTree = "<group>"; };
		3EDE782815C8E873002C9D81 /* LList.hpp */ = {isa = PBXFileReference; fileEncoding = 4; lastKnownFileType = sourcecode.cpp.h; path = LList.hpp; sourceTree = "<group>"; };
		3EDE782915C8E873002C9D81 /* main.cpp */ = {isa = PBXFileReference; fileEncoding = 4; lastKnownFileType = sourcecode.cpp.cpp; path = main.cpp; sourceTree = "<group>"; };
		3EDE782A15C8E873002C9D81 /* NaryTree.hpp */ = {isa = PBXFileReference; fileEncoding = 4; lastKnownFileType = sourcecode.cpp.h; path = NaryTree.hpp; sourceTree = "<group>"; };
		3EDE782B15C8E873002C9D81 /* Queue.hpp */ = {isa = PBXFileReference; fileEncoding = 4; lastKnownFileType = sourcecode.cpp.h; path = Queue.hpp; sourceTree = "<group>"; };
		3EDE782C15C8E873002C9D81 /* QueuePriority.hpp */ = {isa = PBXFileReference; fileEncoding = 4; lastKnownFileType = sourcecode.cpp.h; path = QueuePriority.hpp; sourceTree = "<group>"; };
		3EDE782D15C8E873002C9D81 /* Set.hpp */ = {isa = PBXFileReference; fileEncoding = 4; lastKnownFileType = sourcecode.cpp.h; path = Set.hpp; sourceTree = "<group>"; };
		3EDE782E15C8E873002C9D81 /* SetASorted.hpp */ = {isa = PBXFileReference; fileEncoding = 4; lastKnownFileType = sourcecode.cpp.h; path = SetASorted.hpp; sourceTree = "<group>"; };
		3EDE782F15C8E873002C9D81 /* Sorts.hpp */ = {isa = PBXFileReference; fileEncoding = 4; lastKnownFileType = sourcecode.cpp.h; path = Sorts.hpp; sourceTree = "<group>"; };
		3EDE783015C8E873002C9D81 /* Stack.hpp */ = {isa = PBXFileReference; fileEncoding = 4; lastKnownFileType = sourcecode.cpp.h; path = Stack.hpp; sourceTree = "<group>"; };
		3EDE783115C8E873002C9D81 /* Table.hpp */ = {isa = PBXFileReference; fileEncoding = 4; lastKnownFileType = sourcecode.cpp.h; path = Table.hpp; sourceTree = "<group>"; };
		3EDE783215C8E873002C9D81 /* TreeSort.hpp */ = {isa = PBXFileReference; fileEncoding = 4; lastKnownFileType = sourcecode.cpp.h; path = TreeSort.hpp; sourceTree = "<group>"; };
		3EDE783315C8E873002C9D81 /* TwoThreeTree.hpp */ = {isa = PBXFileReference; fileEncoding = 4; lastKnownFileType = sourcecode.cpp.h; path = TwoThreeTree.hpp; sourceTree = "<group>"; };
		3EE30F2115C3ABB3007D1DD0 /* Makefile */ = {isa = PBXFileReference; lastKnownFileType = sourcecode.make; path = Makefile; sourceTree = "<group>"; };
/* End PBXFileReference section */

/* Begin PBXFrameworksBuildPhase section */
		3EB456B415C3A7D300563CFE /* Frameworks */ = {
			isa = PBXFrameworksBuildPhase;
			buildActionMask = 2147483647;
			files = (
			);
			runOnlyForDeploymentPostprocessing = 0;
		};
/* End PBXFrameworksBuildPhase section */

/* Begin PBXGroup section */
		3E4EE56615ED7082003CB114 /* c++11 */ = {
			isa = PBXGroup;
			children = (
				3E4EE56715ED709D003CB114 /* main_c++11.cpp */,
			);
			path = "c++11";
			sourceTree = "<group>";
		};
		3E4EE56B15ED70FB003CB114 /* algorithms */ = {
			isa = PBXGroup;
			children = (
			);
			path = algorithms;
			sourceTree = "<group>";
		};
		3E7A151215E6014B005F2985 /* test */ = {
			isa = PBXGroup;
			children = (
				3E4EE56915ED70A6003CB114 /* test_main.cpp */,
				3E7A151515E60166005F2985 /* dummy.hpp */,
				3E273E7315E81D2A00C72C76 /* myclass.cpp */,
				3E273E7415E81D2A00C72C76 /* myclass.h */,
			);
			path = test;
			sourceTree = "<group>";
		};
		3EB456AC15C3A7D300563CFE = {
			isa = PBXGroup;
			children = (
				3EE30F2015C3ABA4007D1DD0 /* Build */,
				3EB456C415C3A7EA00563CFE /* Source */,
				3EB456BA15C3A7D300563CFE /* dapsPractice */,
				3EB456B815C3A7D300563CFE /* Products */,
			);
			sourceTree = "<group>";
		};
		3EB456B815C3A7D300563CFE /* Products */ = {
			isa = PBXGroup;
			children = (
				3EB456B715C3A7D300563CFE /* dapsPractice */,
			);
			name = Products;
			sourceTree = "<group>";
		};
		3EB456BA15C3A7D300563CFE /* dapsPractice */ = {
			isa = PBXGroup;
			children = (
				3EB456BD15C3A7D300563CFE /* dapsPractice.1 */,
			);
			path = dapsPractice;
			sourceTree = "<group>";
		};
		3EB456C415C3A7EA00563CFE /* Source */ = {
			isa = PBXGroup;
			children = (
				3EA781B21719E4CA00D3A071 /* main.cpp */,
				3E4EE56B15ED70FB003CB114 /* algorithms */,
				3E4EE56615ED7082003CB114 /* c++11 */,
				3E7A151215E6014B005F2985 /* test */,
				3EDE781D15C8E873002C9D81 /* adt */,
			);
			name = Source;
			path = ../../Source;
			sourceTree = "<group>";
		};
		3EDE781D15C8E873002C9D81 /* adt */ = {
			isa = PBXGroup;
			children = (
				3EDE781E15C8E873002C9D81 /* AList.hpp */,
				3EDE781F15C8E873002C9D81 /* ALList.hpp */,
				3EDE782015C8E873002C9D81 /* BinaryTreeA.hpp */,
				3EDE782115C8E873002C9D81 /* BinaryTreeL.hpp */,
				3EDE782215C8E873002C9D81 /* CAQueue.hpp */,
				3EDE782315C8E873002C9D81 /* CDLList.hpp */,
				3EDE782715C8E873002C9D81 /* List.hpp */,
				3EDE782815C8E873002C9D81 /* LList.hpp */,
				3EDE782915C8E873002C9D81 /* main.cpp */,
				3EDE782B15C8E873002C9D81 /* Queue.hpp */,
				3EDE782D15C8E873002C9D81 /* Set.hpp */,
				3EDE782E15C8E873002C9D81 /* SetASorted.hpp */,
				3EDE782F15C8E873002C9D81 /* Sorts.hpp */,
				3EDE783015C8E873002C9D81 /* Stack.hpp */,
				3EDE783115C8E873002C9D81 /* Table.hpp */,
				3EDE782C15C8E873002C9D81 /* QueuePriority.hpp */,
				3EDE783215C8E873002C9D81 /* TreeSort.hpp */,
				3EDE782515C8E873002C9D81 /* Heap.hpp */,
				3EDE782615C8E873002C9D81 /* HeapSort.hpp */,
				3EDE783315C8E873002C9D81 /* TwoThreeTree.hpp */,
				3EDE782A15C8E873002C9D81 /* NaryTree.hpp */,
				3EDE782415C8E873002C9D81 /* Graph.hpp */,
			);
			path = adt;
			sourceTree = "<group>";
		};
		3EE30F2015C3ABA4007D1DD0 /* Build */ = {
			isa = PBXGroup;
			children = (
				3EE30F2115C3ABB3007D1DD0 /* Makefile */,
			);
			name = Build;
			path = ../../Build;
			sourceTree = "<group>";
		};
/* End PBXGroup section */

/* Begin PBXNativeTarget section */
		3EB456B615C3A7D300563CFE /* dapsPractice */ = {
			isa = PBXNativeTarget;
			buildConfigurationList = 3EB456C115C3A7D300563CFE /* Build configuration list for PBXNativeTarget "dapsPractice" */;
			buildPhases = (
				3EB456B315C3A7D300563CFE /* Sources */,
				3EB456B415C3A7D300563CFE /* Frameworks */,
				3EB456B515C3A7D300563CFE /* CopyFiles */,
			);
			buildRules = (
			);
			dependencies = (
			);
			name = dapsPractice;
			productName = dapsPractice;
			productReference = 3EB456B715C3A7D300563CFE /* dapsPractice */;
			productType = "com.apple.product-type.tool";
		};
/* End PBXNativeTarget section */

/* Begin PBXProject section */
		3EB456AE15C3A7D300563CFE /* Project object */ = {
			isa = PBXProject;
			attributes = {
				LastUpgradeCheck = 0500;
				ORGANIZATIONNAME = "Denny C. Dai";
			};
			buildConfigurationList = 3EB456B115C3A7D300563CFE /* Build configuration list for PBXProject "dapsPractice" */;
			compatibilityVersion = "Xcode 3.2";
			developmentRegion = English;
			hasScannedForEncodings = 0;
			knownRegions = (
				en,
			);
			mainGroup = 3EB456AC15C3A7D300563CFE;
			productRefGroup = 3EB456B815C3A7D300563CFE /* Products */;
			projectDirPath = "";
			projectRoot = "";
			targets = (
				3EB456B615C3A7D300563CFE /* dapsPractice */,
			);
		};
/* End PBXProject section */

/* Begin PBXSourcesBuildPhase section */
		3EB456B315C3A7D300563CFE /* Sources */ = {
			isa = PBXSourcesBuildPhase;
			buildActionMask = 2147483647;
			files = (
				3EA781B41719E4CA00D3A071 /* main.cpp in Sources */,
			);
			runOnlyForDeploymentPostprocessing = 0;
		};
/* End PBXSourcesBuildPhase section */

/* Begin XCBuildConfiguration section */
		3EB456BF15C3A7D300563CFE /* Debug */ = {
			isa = XCBuildConfiguration;
			buildSettings = {
				ALWAYS_SEARCH_USER_PATHS = NO;
				CLANG_CXX_LANGUAGE_STANDARD = "gnu++0x";
				CLANG_CXX_LIBRARY = "libc++";
				CLANG_WARN__DUPLICATE_METHOD_MATCH = YES;
				COPY_PHASE_STRIP = NO;
				GCC_C_LANGUAGE_STANDARD = gnu99;
				GCC_DYNAMIC_NO_PIC = NO;
				GCC_ENABLE_OBJC_EXCEPTIONS = YES;
				GCC_OPTIMIZATION_LEVEL = 0;
				GCC_PREPROCESSOR_DEFINITIONS = (
					"DEBUG=1",
					"$(inherited)",
				);
				GCC_SYMBOLS_PRIVATE_EXTERN = NO;
				GCC_WARN_64_TO_32_BIT_CONVERSION = YES;
				GCC_WARN_ABOUT_RETURN_TYPE = YES;
				GCC_WARN_UNINITIALIZED_AUTOS = YES;
				GCC_WARN_UNUSED_VARIABLE = YES;
				MACOSX_DEPLOYMENT_TARGET = 10.8;
				ONLY_ACTIVE_ARCH = YES;
				OTHER_CPLUSPLUSFLAGS = (
					"$(OTHER_CFLAGS)",
					"-g",
					"-std=c++11",
				);
				SDKROOT = macosx;
			};
			name = Debug;
		};
		3EB456C015C3A7D300563CFE /* Release */ = {
			isa = XCBuildConfiguration;
			buildSettings = {
				ALWAYS_SEARCH_USER_PATHS = NO;
				CLANG_CXX_LANGUAGE_STANDARD = "gnu++0x";
				CLANG_CXX_LIBRARY = "libc++";
				CLANG_WARN__DUPLICATE_METHOD_MATCH = YES;
				COPY_PHASE_STRIP = YES;
				DEBUG_INFORMATION_FORMAT = "dwarf-with-dsym";
				GCC_C_LANGUAGE_STANDARD = gnu99;
				GCC_ENABLE_OBJC_EXCEPTIONS = YES;
				GCC_WARN_64_TO_32_BIT_CONVERSION = YES;
				GCC_WARN_ABOUT_RETURN_TYPE = YES;
				GCC_WARN_UNINITIALIZED_AUTOS = YES;
				GCC_WARN_UNUSED_VARIABLE = YES;
				MACOSX_DEPLOYMENT_TARGET = 10.8;
				OTHER_CPLUSPLUSFLAGS = (
					"$(OTHER_CFLAGS)",
					"-g",
					"-std=c++11",
				);
				SDKROOT = macosx;
			};
			name = Release;
		};
		3EB456C215C3A7D300563CFE /* Debug */ = {
			isa = XCBuildConfiguration;
			buildSettings = {
				OTHER_CPLUSPLUSFLAGS = (
					"$(OTHER_CFLAGS)",
					"-g",
					"-std=c++11",
				);
				PRODUCT_NAME = "$(TARGET_NAME)";
			};
			name = Debug;
		};
		3EB456C315C3A7D300563CFE /* Release */ = {
			isa = XCBuildConfiguration;
			buildSettings = {
				OTHER_CPLUSPLUSFLAGS = (
					"$(OTHER_CFLAGS)",
					"-g",
					"-std=c++11",
				);
				PRODUCT_NAME = "$(TARGET_NAME)";
			};
			name = Release;
		};
/* End XCBuildConfiguration section */

/* Begin XCConfigurationList section */
		3EB456B115C3A7D300563CFE /* Build configuration list for PBXProject "dapsPractice" */ = {
			isa = XCConfigurationList;
			buildConfigurations = (
				3EB456BF15C3A7D300563CFE /* Debug */,
				3EB456C015C3A7D300563CFE /* Release */,
			);
			defaultConfigurationIsVisible = 0;
			defaultConfigurationName = Release;
		};
		3EB456C115C3A7D300563CFE /* Build configuration list for PBXNativeTarget "dapsPractice" */ = {
			isa = XCConfigurationList;
			buildConfigurations = (
				3EB456C215C3A7D300563CFE /* Debug */,
				3EB456C315C3A7D300563CFE /* Release */,
			);
			defaultConfigurationIsVisible = 0;
			defaultConfigurationName = Release;
		};
/* End XCConfigurationList section */
	};
	rootObject = 3EB456AE15C3A7D300563CFE /* Project object */;
}
